schema: '2.0'
stages:
  data_ingestion:
    cmd: python src/mlproject/pipeline/stage_01_data_ingestion.py
    deps:
    - path: src/mlproject/pipeline/stage_01_data_ingestion.py
      hash: md5
      md5: 89a59e41cbaf7f225b92b3e75fb7d7f8
      size: 897
    outs:
    - path: artifacts/data_ingestion
      hash: md5
      md5: cf213e68237a5a48a00ae1834dd84caa.dir
      size: 124280
      nfiles: 2
