schema: '2.0'
stages:
  data_ingestion:
    cmd: python src/mlproject/pipeline/stage_01_data_ingestion.py
    deps:
    - path: src/mlproject/pipeline/stage_01_data_ingestion.py
      hash: md5
      md5: 89a59e41cbaf7f225b92b3e75fb7d7f8
      size: 897
    outs:
    - path: artifacts/data_ingestion
      hash: md5
      md5: cf213e68237a5a48a00ae1834dd84caa.dir
      size: 124280
      nfiles: 2
  data_validation:
    cmd: python src/mlproject/pipeline/stage_02_data_validation.py
    deps:
    - path: artifacts/data_ingestion
      hash: md5
      md5: cf213e68237a5a48a00ae1834dd84caa.dir
      size: 124280
      nfiles: 2
    - path: src/mlproject/pipeline/stage_02_data_validation.py
      hash: md5
      md5: 328e92ed1a39469a9d35e6a5956a6941
      size: 885
    outs:
    - path: artifacts/data_validation
      hash: md5
      md5: 0ccb3ea5849272ff03be5ab71786b9ff.dir
      size: 23
      nfiles: 1
  data_transformation:
    cmd: python src/mlproject/pipeline/stage_03_data_transformation.py
    deps:
    - path: artifacts/data_ingestion
      hash: md5
      md5: cf213e68237a5a48a00ae1834dd84caa.dir
      size: 124280
      nfiles: 2
    - path: src/mlproject/pipeline/stage_03_data_transformation.py
      hash: md5
      md5: fdf9c544d24c1a960682ae3ef45fc8a6
      size: 1330
    outs:
    - path: artifacts/data_transformation
      hash: md5
      md5: c9561308b61b30e61681cb4c05f24fe6.dir
      size: 95232
      nfiles: 2
  model_trainer:
    cmd: python src/mlproject/pipeline/stage_04_model_trainer.py
    deps:
    - path: artifacts/data_validation
      hash: md5
      md5: 0ccb3ea5849272ff03be5ab71786b9ff.dir
      size: 23
      nfiles: 1
    - path: src/mlproject/pipeline/stage_04_model_trainer.py
      hash: md5
      md5: 99b61f700b811c93df93878eeccfc177
      size: 861
    params:
      params.yaml:
        ElasticNet.alpha: 0.5
        ElasticNet.l1_ratio: 0.7
    outs:
    - path: artifacts/model_trainer
      hash: md5
      md5: 4709a564c790b606f1a65b77d6996d21.dir
      size: 1263
      nfiles: 1
